
Microsoft Visual Studio Solution File, Format Version 12.00
Project("{FAE04EC0-301F-11D3-BF4B-00C04F79EFBC}") = "EP.Users.API", "Services\EP.Users.API\EP.Users.API.csproj", "{5816C981-BC3C-4414-9277-1E3AE6E5FC56}"
EndProject
Project("{FAE04EC0-301F-11D3-BF4B-00C04F79EFBC}") = "EP.Notifications.API", "Services\EP.Notifications.API\EP.Notifications.API.csproj", "{70385320-543C-492A-85E8-91F49F997765}"
EndProject
Project("{2150E333-8FDC-42A3-9474-1A3956D46DE8}") = "DevOps", "DevOps", "{EF8B627F-34D4-4659-94AB-E92793E81F17}"
EndProject
Project("{2150E333-8FDC-42A3-9474-1A3956D46DE8}") = "Users", "Users", "{46C759BE-1E2A-491B-AFDA-807D8258B1B4}"
EndProject
Project("{FAE04EC0-301F-11D3-BF4B-00C04F79EFBC}") = "EP.User.Domain", "Services\EP.User.Domain\EP.User.Domain.csproj", "{A13638B3-5811-437B-92D2-AF0FF58E7FC5}"
EndProject
Project("{FAE04EC0-301F-11D3-BF4B-00C04F79EFBC}") = "EP.User.Infrastructure", "Services\EP.User.Infrastructure\EP.User.Infrastructure.csproj", "{011B9593-A0A8-4A92-9B31-656A4A39763F}"
EndProject
Project("{2150E333-8FDC-42A3-9474-1A3956D46DE8}") = "Products", "Products", "{BC98918B-6855-4491-9597-8C01DE2A974F}"
EndProject
Project("{2150E333-8FDC-42A3-9474-1A3956D46DE8}") = "Payments", "Payments", "{BD52BDBA-026D-4EA9-B6B3-93A84B348864}"
EndProject
Project("{FAE04EC0-301F-11D3-BF4B-00C04F79EFBC}") = "EP.Products.API", "Services\EP.Products.API\EP.Products.API.csproj", "{2791E393-575B-4611-9723-D9FFB6F265F0}"
EndProject
Project("{FAE04EC0-301F-11D3-BF4B-00C04F79EFBC}") = "EP.Products.Domain", "Services\EP.Products.Domain\EP.Products.Domain.csproj", "{581C9D9E-90F4-4110-B6F9-1C2FBB39C885}"
EndProject
Project("{FAE04EC0-301F-11D3-BF4B-00C04F79EFBC}") = "EP.Products.Infrastructure", "Services\EP.Products.Infrastructure\EP.Products.Infrastructure.csproj", "{0AC13A63-B200-427D-9DF0-35B4177D743A}"
EndProject
Project("{FAE04EC0-301F-11D3-BF4B-00C04F79EFBC}") = "EP.Payments.Domain", "Services\EP.Payments.Domain\EP.Payments.Domain.csproj", "{E67D0EA3-F999-4CC1-9E56-367E011D3A9F}"
EndProject
Project("{FAE04EC0-301F-11D3-BF4B-00C04F79EFBC}") = "EP.Payments.API", "Services\EP.Payments.API\EP.Payments.API.csproj", "{0371C375-C82B-46ED-B51D-F0BBB8D31590}"
EndProject
Project("{FAE04EC0-301F-11D3-BF4B-00C04F79EFBC}") = "EP.Payments.Infrastructure", "Services\EP.Payments.Infrastructure\EP.Payments.Infrastructure.csproj", "{F5658977-566B-476F-A837-48281C318034}"
EndProject
Project("{2150E333-8FDC-42A3-9474-1A3956D46DE8}") = "SharedLibraries", "SharedLibraries", "{C64F40E0-CA9F-459A-BB3E-C4BCC4B039D6}"
EndProject
Project("{FAE04EC0-301F-11D3-BF4B-00C04F79EFBC}") = "EP.Shared.Infrastructure", "SharedLibraries\EP.Shared.Infrastructure\EP.Shared.Infrastructure.csproj", "{AA5830D4-5DF0-46A6-9BF6-D1ED6B73DAD0}"
EndProject
Project("{FAE04EC0-301F-11D3-BF4B-00C04F79EFBC}") = "EP.Shared.Domain", "SharedLibraries\EP.Shared.Domain\EP.Shared.Domain.csproj", "{2D9C31D9-0D8B-4DB1-A890-828A4813639E}"
EndProject
Project("{2150E333-8FDC-42A3-9474-1A3956D46DE8}") = "helmcharts", "helmcharts", "{1B3A38D3-1151-453F-B72C-967A4E15547C}"
	ProjectSection(SolutionItems) = preProject
		DevOps\helmcharts\Chart.yaml = DevOps\helmcharts\Chart.yaml
		DevOps\helmcharts\values.yaml = DevOps\helmcharts\values.yaml
	EndProjectSection
EndProject
Project("{2150E333-8FDC-42A3-9474-1A3956D46DE8}") = "charts", "charts", "{B0800845-71D8-4475-B604-44E71C97C668}"
EndProject
Project("{2150E333-8FDC-42A3-9474-1A3956D46DE8}") = "templates", "templates", "{9C032E52-2393-4926-B3A3-1B18CAC25FDF}"
EndProject
Project("{2150E333-8FDC-42A3-9474-1A3956D46DE8}") = "Services", "Services", "{4BAC4B4C-0B79-4912-BC13-E287CE70031C}"
EndProject
Global
	GlobalSection(SolutionConfigurationPlatforms) = preSolution
		Debug|Any CPU = Debug|Any CPU
		Release|Any CPU = Release|Any CPU
	EndGlobalSection
	GlobalSection(ProjectConfigurationPlatforms) = postSolution
		{5816C981-BC3C-4414-9277-1E3AE6E5FC56}.Debug|Any CPU.ActiveCfg = Debug|Any CPU
		{5816C981-BC3C-4414-9277-1E3AE6E5FC56}.Debug|Any CPU.Build.0 = Debug|Any CPU
		{5816C981-BC3C-4414-9277-1E3AE6E5FC56}.Release|Any CPU.ActiveCfg = Release|Any CPU
		{5816C981-BC3C-4414-9277-1E3AE6E5FC56}.Release|Any CPU.Build.0 = Release|Any CPU
		{70385320-543C-492A-85E8-91F49F997765}.Debug|Any CPU.ActiveCfg = Debug|Any CPU
		{70385320-543C-492A-85E8-91F49F997765}.Debug|Any CPU.Build.0 = Debug|Any CPU
		{70385320-543C-492A-85E8-91F49F997765}.Release|Any CPU.ActiveCfg = Release|Any CPU
		{70385320-543C-492A-85E8-91F49F997765}.Release|Any CPU.Build.0 = Release|Any CPU
		{A13638B3-5811-437B-92D2-AF0FF58E7FC5}.Debug|Any CPU.ActiveCfg = Debug|Any CPU
		{A13638B3-5811-437B-92D2-AF0FF58E7FC5}.Debug|Any CPU.Build.0 = Debug|Any CPU
		{A13638B3-5811-437B-92D2-AF0FF58E7FC5}.Release|Any CPU.ActiveCfg = Release|Any CPU
		{A13638B3-5811-437B-92D2-AF0FF58E7FC5}.Release|Any CPU.Build.0 = Release|Any CPU
		{011B9593-A0A8-4A92-9B31-656A4A39763F}.Debug|Any CPU.ActiveCfg = Debug|Any CPU
		{011B9593-A0A8-4A92-9B31-656A4A39763F}.Debug|Any CPU.Build.0 = Debug|Any CPU
		{011B9593-A0A8-4A92-9B31-656A4A39763F}.Release|Any CPU.ActiveCfg = Release|Any CPU
		{011B9593-A0A8-4A92-9B31-656A4A39763F}.Release|Any CPU.Build.0 = Release|Any CPU
		{2791E393-575B-4611-9723-D9FFB6F265F0}.Debug|Any CPU.ActiveCfg = Debug|Any CPU
		{2791E393-575B-4611-9723-D9FFB6F265F0}.Debug|Any CPU.Build.0 = Debug|Any CPU
		{2791E393-575B-4611-9723-D9FFB6F265F0}.Release|Any CPU.ActiveCfg = Release|Any CPU
		{2791E393-575B-4611-9723-D9FFB6F265F0}.Release|Any CPU.Build.0 = Release|Any CPU
		{581C9D9E-90F4-4110-B6F9-1C2FBB39C885}.Debug|Any CPU.ActiveCfg = Debug|Any CPU
		{581C9D9E-90F4-4110-B6F9-1C2FBB39C885}.Debug|Any CPU.Build.0 = Debug|Any CPU
		{581C9D9E-90F4-4110-B6F9-1C2FBB39C885}.Release|Any CPU.ActiveCfg = Release|Any CPU
		{581C9D9E-90F4-4110-B6F9-1C2FBB39C885}.Release|Any CPU.Build.0 = Release|Any CPU
		{0AC13A63-B200-427D-9DF0-35B4177D743A}.Debug|Any CPU.ActiveCfg = Debug|Any CPU
		{0AC13A63-B200-427D-9DF0-35B4177D743A}.Debug|Any CPU.Build.0 = Debug|Any CPU
		{0AC13A63-B200-427D-9DF0-35B4177D743A}.Release|Any CPU.ActiveCfg = Release|Any CPU
		{0AC13A63-B200-427D-9DF0-35B4177D743A}.Release|Any CPU.Build.0 = Release|Any CPU
		{E67D0EA3-F999-4CC1-9E56-367E011D3A9F}.Debug|Any CPU.ActiveCfg = Debug|Any CPU
		{E67D0EA3-F999-4CC1-9E56-367E011D3A9F}.Debug|Any CPU.Build.0 = Debug|Any CPU
		{E67D0EA3-F999-4CC1-9E56-367E011D3A9F}.Release|Any CPU.ActiveCfg = Release|Any CPU
		{E67D0EA3-F999-4CC1-9E56-367E011D3A9F}.Release|Any CPU.Build.0 = Release|Any CPU
		{0371C375-C82B-46ED-B51D-F0BBB8D31590}.Debug|Any CPU.ActiveCfg = Debug|Any CPU
		{0371C375-C82B-46ED-B51D-F0BBB8D31590}.Debug|Any CPU.Build.0 = Debug|Any CPU
		{0371C375-C82B-46ED-B51D-F0BBB8D31590}.Release|Any CPU.ActiveCfg = Release|Any CPU
		{0371C375-C82B-46ED-B51D-F0BBB8D31590}.Release|Any CPU.Build.0 = Release|Any CPU
		{F5658977-566B-476F-A837-48281C318034}.Debug|Any CPU.ActiveCfg = Debug|Any CPU
		{F5658977-566B-476F-A837-48281C318034}.Debug|Any CPU.Build.0 = Debug|Any CPU
		{F5658977-566B-476F-A837-48281C318034}.Release|Any CPU.ActiveCfg = Release|Any CPU
		{F5658977-566B-476F-A837-48281C318034}.Release|Any CPU.Build.0 = Release|Any CPU
		{AA5830D4-5DF0-46A6-9BF6-D1ED6B73DAD0}.Debug|Any CPU.ActiveCfg = Debug|Any CPU
		{AA5830D4-5DF0-46A6-9BF6-D1ED6B73DAD0}.Debug|Any CPU.Build.0 = Debug|Any CPU
		{AA5830D4-5DF0-46A6-9BF6-D1ED6B73DAD0}.Release|Any CPU.ActiveCfg = Release|Any CPU
		{AA5830D4-5DF0-46A6-9BF6-D1ED6B73DAD0}.Release|Any CPU.Build.0 = Release|Any CPU
		{2D9C31D9-0D8B-4DB1-A890-828A4813639E}.Debug|Any CPU.ActiveCfg = Debug|Any CPU
		{2D9C31D9-0D8B-4DB1-A890-828A4813639E}.Debug|Any CPU.Build.0 = Debug|Any CPU
		{2D9C31D9-0D8B-4DB1-A890-828A4813639E}.Release|Any CPU.ActiveCfg = Release|Any CPU
		{2D9C31D9-0D8B-4DB1-A890-828A4813639E}.Release|Any CPU.Build.0 = Release|Any CPU
	EndGlobalSection
	GlobalSection(NestedProjects) = preSolution
		{5816C981-BC3C-4414-9277-1E3AE6E5FC56} = {46C759BE-1E2A-491B-AFDA-807D8258B1B4}
		{A13638B3-5811-437B-92D2-AF0FF58E7FC5} = {46C759BE-1E2A-491B-AFDA-807D8258B1B4}
		{011B9593-A0A8-4A92-9B31-656A4A39763F} = {46C759BE-1E2A-491B-AFDA-807D8258B1B4}
		{2791E393-575B-4611-9723-D9FFB6F265F0} = {BC98918B-6855-4491-9597-8C01DE2A974F}
		{581C9D9E-90F4-4110-B6F9-1C2FBB39C885} = {BC98918B-6855-4491-9597-8C01DE2A974F}
		{0AC13A63-B200-427D-9DF0-35B4177D743A} = {BC98918B-6855-4491-9597-8C01DE2A974F}
		{E67D0EA3-F999-4CC1-9E56-367E011D3A9F} = {BD52BDBA-026D-4EA9-B6B3-93A84B348864}
		{0371C375-C82B-46ED-B51D-F0BBB8D31590} = {BD52BDBA-026D-4EA9-B6B3-93A84B348864}
		{F5658977-566B-476F-A837-48281C318034} = {BD52BDBA-026D-4EA9-B6B3-93A84B348864}
		{AA5830D4-5DF0-46A6-9BF6-D1ED6B73DAD0} = {C64F40E0-CA9F-459A-BB3E-C4BCC4B039D6}
		{2D9C31D9-0D8B-4DB1-A890-828A4813639E} = {C64F40E0-CA9F-459A-BB3E-C4BCC4B039D6}
		{1B3A38D3-1151-453F-B72C-967A4E15547C} = {EF8B627F-34D4-4659-94AB-E92793E81F17}
		{B0800845-71D8-4475-B604-44E71C97C668} = {1B3A38D3-1151-453F-B72C-967A4E15547C}
		{9C032E52-2393-4926-B3A3-1B18CAC25FDF} = {1B3A38D3-1151-453F-B72C-967A4E15547C}
		{BD52BDBA-026D-4EA9-B6B3-93A84B348864} = {4BAC4B4C-0B79-4912-BC13-E287CE70031C}
		{BC98918B-6855-4491-9597-8C01DE2A974F} = {4BAC4B4C-0B79-4912-BC13-E287CE70031C}
		{46C759BE-1E2A-491B-AFDA-807D8258B1B4} = {4BAC4B4C-0B79-4912-BC13-E287CE70031C}
		{70385320-543C-492A-85E8-91F49F997765} = {4BAC4B4C-0B79-4912-BC13-E287CE70031C}
	EndGlobalSection
EndGlobal
